github.com/Salicorne/mandelgo v0.0.0-20250302161629-c274dbf428f6 h1:59cJWfqR95Y5qT/rjiioARZo9ewi829GLU6S05obePI=
github.com/Salicorne/mandelgo v0.0.0-20250302161629-c274dbf428f6/go.mod h1:Ou8k9YncdSqgUVKPtDMy1EX27x3thYbCQz6V5XFAMsE=
github.com/gotk3/gotk3 v0.5.3-0.20210514043925-3f44af595c5e/go.mod h1:/hqFpkNa9T3JgNAE2fLvCdov7c5bw//FHNZrZ3Uv9/Q=
